
Microsoft Visual Studio Solution File, Format Version 12.00
# Visual Studio Version 16
VisualStudioVersion = 16.0.29911.84
MinimumVisualStudioVersion = 10.0.40219.1
Project("{9A19103F-16F7-4668-BE54-9A1E7A4F7556}") = "Units.Core", "Units.Core\Units.Core.csproj", "{0977D3C6-9C4B-48FB-9E87-A507505BF08F}"
EndProject
Project("{9A19103F-16F7-4668-BE54-9A1E7A4F7556}") = "Units.Core.Parser", "Units.Core.Parser\Units.Core.Parser.csproj", "{90B08EB0-8553-417A-8FCD-48FDB4DF1A44}"
EndProject
Project("{9A19103F-16F7-4668-BE54-9A1E7A4F7556}") = "Units.Core.Parser.Tests", "Units.Core.Parser.Tests\Units.Core.Parser.Tests.csproj", "{7B82C37E-0FE3-4E23-B9AF-190AC51CD4FA}"
EndProject
Project("{9A19103F-16F7-4668-BE54-9A1E7A4F7556}") = "Units.Core.Sample", "Units.Core.Sample\Units.Core.Sample.csproj", "{67872E22-59FD-4B36-A99C-7E7C75C72835}"
EndProject
Project("{2150E333-8FDC-42A3-9474-1A3956D46DE8}") = "Docs", "Docs", "{0C47AE65-9C02-48E2-A9B5-B1C27E00A6F1}"
EndProject
Global
	GlobalSection(SolutionConfigurationPlatforms) = preSolution
		Debug|Any CPU = Debug|Any CPU
		Release|Any CPU = Release|Any CPU
	EndGlobalSection
	GlobalSection(ProjectConfigurationPlatforms) = postSolution
		{0977D3C6-9C4B-48FB-9E87-A507505BF08F}.Debug|Any CPU.ActiveCfg = Debug|Any CPU
		{0977D3C6-9C4B-48FB-9E87-A507505BF08F}.Debug|Any CPU.Build.0 = Debug|Any CPU
		{0977D3C6-9C4B-48FB-9E87-A507505BF08F}.Release|Any CPU.ActiveCfg = Release|Any CPU
		{0977D3C6-9C4B-48FB-9E87-A507505BF08F}.Release|Any CPU.Build.0 = Release|Any CPU
		{90B08EB0-8553-417A-8FCD-48FDB4DF1A44}.Debug|Any CPU.ActiveCfg = Debug|Any CPU
		{90B08EB0-8553-417A-8FCD-48FDB4DF1A44}.Debug|Any CPU.Build.0 = Debug|Any CPU
		{90B08EB0-8553-417A-8FCD-48FDB4DF1A44}.Release|Any CPU.ActiveCfg = Release|Any CPU
		{90B08EB0-8553-417A-8FCD-48FDB4DF1A44}.Release|Any CPU.Build.0 = Release|Any CPU
		{7B82C37E-0FE3-4E23-B9AF-190AC51CD4FA}.Debug|Any CPU.ActiveCfg = Debug|Any CPU
		{7B82C37E-0FE3-4E23-B9AF-190AC51CD4FA}.Debug|Any CPU.Build.0 = Debug|Any CPU
		{7B82C37E-0FE3-4E23-B9AF-190AC51CD4FA}.Release|Any CPU.ActiveCfg = Release|Any CPU
		{7B82C37E-0FE3-4E23-B9AF-190AC51CD4FA}.Release|Any CPU.Build.0 = Release|Any CPU
		{67872E22-59FD-4B36-A99C-7E7C75C72835}.Debug|Any CPU.ActiveCfg = Debug|Any CPU
		{67872E22-59FD-4B36-A99C-7E7C75C72835}.Debug|Any CPU.Build.0 = Debug|Any CPU
		{67872E22-59FD-4B36-A99C-7E7C75C72835}.Release|Any CPU.ActiveCfg = Release|Any CPU
		{67872E22-59FD-4B36-A99C-7E7C75C72835}.Release|Any CPU.Build.0 = Release|Any CPU
	EndGlobalSection
	GlobalSection(SolutionProperties) = preSolution
		HideSolutionNode = FALSE
	EndGlobalSection
	GlobalSection(ExtensibilityGlobals) = postSolution
		SolutionGuid = {31C64DB5-DC09-4872-ADC8-5F6F76CC99DA}
	EndGlobalSection
EndGlobal
